
Microsoft Visual Studio Solution File, Format Version 12.00
# Visual Studio Version 16
VisualStudioVersion = 16.0.30320.27
MinimumVisualStudioVersion = 10.0.40219.1
Project("{FAE04EC0-301F-11D3-BF4B-00C04F79EFBC}") = "Hello.UI", "Hello.UI\Hello.UI.csproj", "{1ADB3D68-CD7D-48DF-8BFB-12407D5E3B48}"
EndProject
Global
	GlobalSection(SolutionConfigurationPlatforms) = preSolution
		Debug|Any CPU = Debug|Any CPU
		Release|Any CPU = Release|Any CPU
	EndGlobalSection
	GlobalSection(ProjectConfigurationPlatforms) = postSolution
		{1ADB3D68-CD7D-48DF-8BFB-12407D5E3B48}.Debug|Any CPU.ActiveCfg = Debug|Any CPU
		{1ADB3D68-CD7D-48DF-8BFB-12407D5E3B48}.Debug|Any CPU.Build.0 = Debug|Any CPU
		{1ADB3D68-CD7D-48DF-8BFB-12407D5E3B48}.Release|Any CPU.ActiveCfg = Release|Any CPU
		{1ADB3D68-CD7D-48DF-8BFB-12407D5E3B48}.Release|Any CPU.Build.0 = Release|Any CPU
	EndGlobalSection
	GlobalSection(SolutionProperties) = preSolution
		HideSolutionNode = FALSE
	EndGlobalSection
	GlobalSection(ExtensibilityGlobals) = postSolution
		SolutionGuid = {6B440A7A-C041-425B-847E-671F6FD40CF2}
	EndGlobalSection
EndGlobal
